# This file is autogenerated, do not edit; changes may be undone by the next 'dep ensure'.


[[projects]]
  name = "github.com/gorilla/websocket"
  packages = ["."]
  revision = "ea4d1f681babbce9545c9c5f3d5194a789c89f5b"
  version = "v1.2.0"

[[projects]]
  name = "github.com/qbeon/tmdwg-go"
  packages = ["."]
  revision = "5a395400ac2fef4f213d83424937195af0005a03"
  version = "1.0.0"

[solve-meta]
  analyzer-name = "dep"
  analyzer-version = 1
  inputs-digest = "f2fc7a42eb9a614c73750f2cedced1bb7d56750f368a8639d4cc4e4b06e28131"
  solver-name = "gps-cdcl"
  solver-version = 1
